
Microsoft Visual Studio Solution File, Format Version 12.00
# Visual Studio Version 17
VisualStudioVersion = 17.8.34525.116
MinimumVisualStudioVersion = 10.0.40219.1
Project("{FAE04EC0-301F-11D3-BF4B-00C04F79EFBC}") = "Football Tournament", "Football Tournament\Football Tournament.csproj", "{2FFAC0D8-78C2-4E99-8FF4-AC901AEFF82E}"
EndProject
Project("{FAE04EC0-301F-11D3-BF4B-00C04F79EFBC}") = "FootballTournament.DAL", "FootballTournament.DAL\FootballTournament.DAL.csproj", "{EB505F7B-1C1D-4556-AA0F-ED288E136690}"
EndProject
Global
	GlobalSection(SolutionConfigurationPlatforms) = preSolution
		Debug|Any CPU = Debug|Any CPU
		Release|Any CPU = Release|Any CPU
	EndGlobalSection
	GlobalSection(ProjectConfigurationPlatforms) = postSolution
		{2FFAC0D8-78C2-4E99-8FF4-AC901AEFF82E}.Debug|Any CPU.ActiveCfg = Debug|Any CPU
		{2FFAC0D8-78C2-4E99-8FF4-AC901AEFF82E}.Debug|Any CPU.Build.0 = Debug|Any CPU
		{2FFAC0D8-78C2-4E99-8FF4-AC901AEFF82E}.Release|Any CPU.ActiveCfg = Release|Any CPU
		{2FFAC0D8-78C2-4E99-8FF4-AC901AEFF82E}.Release|Any CPU.Build.0 = Release|Any CPU
		{EB505F7B-1C1D-4556-AA0F-ED288E136690}.Debug|Any CPU.ActiveCfg = Debug|Any CPU
		{EB505F7B-1C1D-4556-AA0F-ED288E136690}.Debug|Any CPU.Build.0 = Debug|Any CPU
		{EB505F7B-1C1D-4556-AA0F-ED288E136690}.Release|Any CPU.ActiveCfg = Release|Any CPU
		{EB505F7B-1C1D-4556-AA0F-ED288E136690}.Release|Any CPU.Build.0 = Release|Any CPU
	EndGlobalSection
	GlobalSection(SolutionProperties) = preSolution
		HideSolutionNode = FALSE
	EndGlobalSection
	GlobalSection(ExtensibilityGlobals) = postSolution
		SolutionGuid = {46DB667D-AC03-4810-9AD1-9D04CADCE7A8}
	EndGlobalSection
EndGlobal
